
Microsoft Visual Studio Solution File, Format Version 12.00
# Visual Studio Version 16
VisualStudioVersion = 16.0.30406.217
MinimumVisualStudioVersion = 10.0.40219.1
Project("{FAE04EC0-301F-11D3-BF4B-00C04F79EFBC}") = "ConfigurableStart", "src\ConfigurableStart.csproj", "{21D4E06D-C478-48DB-B06F-D14891568F31}"
EndProject
Global
	GlobalSection(SolutionConfigurationPlatforms) = preSolution
		Debug|Any CPU = Debug|Any CPU
		Release|Any CPU = Release|Any CPU
	EndGlobalSection
	GlobalSection(ProjectConfigurationPlatforms) = postSolution
		{21D4E06D-C478-48DB-B06F-D14891568F31}.Debug|Any CPU.ActiveCfg = Debug|Any CPU
		{21D4E06D-C478-48DB-B06F-D14891568F31}.Debug|Any CPU.Build.0 = Debug|Any CPU
		{21D4E06D-C478-48DB-B06F-D14891568F31}.Release|Any CPU.ActiveCfg = Release|Any CPU
		{21D4E06D-C478-48DB-B06F-D14891568F31}.Release|Any CPU.Build.0 = Release|Any CPU
	EndGlobalSection
	GlobalSection(SolutionProperties) = preSolution
		HideSolutionNode = FALSE
	EndGlobalSection
	GlobalSection(ExtensibilityGlobals) = postSolution
		SolutionGuid = {CF0F9FF4-7E77-4F58-A43D-8F050BD863C2}
	EndGlobalSection
EndGlobal
